github.com/absfs/fstesting v0.0.0-20251207022242-d748a85c4a1e h1:dDZ7wOdCl09grFSNPU+XlZW/NOk5+XeTt/vXOTH2Uz4=
github.com/absfs/fstesting v0.0.0-20251207022242-d748a85c4a1e/go.mod h1:k+GNl+VG/teXQBkCH5vt+gzPtkDCQTjX+hTgpDnnqEs=
github.com/absfs/ioutil v0.0.0-20180730202941-e848c1afe5fd h1:tu80ho3Hdki5q0NacPpSzfoQTGLzFwKAeMkWaWMrs1Y=
github.com/absfs/ioutil v0.0.0-20180730202941-e848c1afe5fd/go.mod h1:z8c6qOcdBQh02ea5CWv/w80VDvVLdypDEpiZJeslGSc=
