github.com/absfs/absfs v0.9.0 h1:x4QElpUqVRhflmLAMgOazqhxH2n4nBBht+SfryzZbSs=
github.com/absfs/absfs v0.9.0/go.mod h1:IvFD36FQcMxLLZNhs2Lms+Uosc0G3AJ2JHOJIz8E5d8=
github.com/absfs/absfs v0.9.1 h1:oDqxVXkvKDJT6oM5vgXgM5EuN93aSrpQ8rertfHGal4=
github.com/absfs/absfs v0.9.1/go.mod h1:IvFD36FQcMxLLZNhs2Lms+Uosc0G3AJ2JHOJIz8E5d8=
github.com/absfs/basefs v0.9.1 h1:ONSgDhVp1/uJ6UpR2qyfIuXJTzm7WfSViFmXCznzgUI=
github.com/absfs/basefs v0.9.1/go.mod h1:ybBCkzcag74zNyg8smeluODeNchalt4oVugxRNVHyQM=
github.com/absfs/fstesting v0.9.0 h1:5VPoLUSP2lOrg57rdZO/q2x4Nx2rrR/wE2y0cg9Kr8s=
github.com/absfs/fstesting v0.9.0/go.mod h1:e9OmRhh5gt6A+dRQY6o2OM7LbLHPS6TIEM9uRZjUwlo=
github.com/absfs/fstesting v0.9.1 h1:xVZzyp1JtPqzbShhvP5WlTXxNiUaThMnTyQpgbIkkh4=
github.com/absfs/fstesting v0.9.1/go.mod h1:2hCAgPZAk8bqzoYsKX7vk/9e2760KK1Fzz+g+QEKVhI=
github.com/absfs/fstools v0.9.0 h1:z0A936eqn6ST16HbvXnAGZNX29xSiMO7N6kr6bBQybA=
github.com/absfs/fstools v0.9.0/go.mod h1:0NmPMxDcGtFWfp4f1RA5mky0WgfC8z3GZrx1w6oowo0=
github.com/absfs/fstools v0.9.1 h1:TGSlOpPbEMZnXikpseANJ0tm/E7l72vYySnU49KxP4Y=
github.com/absfs/fstools v0.9.1/go.mod h1:KQVk2BrHQLScHpGQz1bgvqklysYvfklGe8QxUCbfBuc=
github.com/absfs/inode v0.9.0 h1:v0Y7kZOB57RAGmVcYZ33gJ3TbOXrQ82NBmpj0AsPqSA=
github.com/absfs/inode v0.9.0/go.mod h1:98Uz4QOknMBXXWwXUIs2TzSwuz+9mbSAKASbwF1eld8=
github.com/absfs/inode v0.9.1 h1:shpiZPZsMcw5PzckKqc9228gNxAR2VS0VH6LUqTWpu8=
github.com/absfs/inode v0.9.1/go.mod h1:98Uz4QOknMBXXWwXUIs2TzSwuz+9mbSAKASbwF1eld8=
github.com/absfs/ioutil v0.9.0 h1:amcNDNwFo1LMviK9tGZ/bJyQQJyapLbkhC59ZW9hmn0=
github.com/absfs/ioutil v0.9.0/go.mod h1:cKpKnwTPiC9mQNZLAV7dLl73v6SLTju71yc1mlngph4=
github.com/absfs/memfs v0.9.0 h1:dprKcgMdtSFBcpTlZjneUyDu9mTFBrCWoEYgcAjSIJw=
github.com/absfs/memfs v0.9.0/go.mod h1:C5qJ+pjyoT+JdTExWWwUCEAzO/5AoGPN74AnNnAUlMU=
github.com/absfs/memfs v0.9.1 h1:8Z/qkG+yg792POFDx6CzWT/Pekfq1Cf1FonmI/kw1dQ=
github.com/absfs/memfs v0.9.1/go.mod h1:b2n+OQX5offvf0arTfQinloiIxhcagzfMukaNVyA2yU=
github.com/absfs/nilfs v0.9.1 h1:7CZqqwUsp/5k81sS06P+llzmxysHkjMsGyiM542VRBA=
github.com/absfs/nilfs v0.9.1/go.mod h1:+5c8oID0VjLRK0jn+CO/bGdBdfV7LGBv5njDXYoUTeI=
github.com/absfs/osfs v0.9.0 h1:GDoxrpxh5bIL5u2yofYCn6mmqc/TtF3YFwIgnnVfDVE=
github.com/absfs/osfs v0.9.0/go.mod h1:fXKy1WcPumwU78CxThKGOdAgs3kErSacCzfr1H3d+48=
github.com/absfs/osfs v0.9.1 h1:hGvctzwhW2tcYbPG4qssYXLdtA4/0+aBPPAILA4mN3Q=
github.com/absfs/osfs v0.9.1/go.mod h1:09TbIaSJnheHmmUD8Yq+MWKsPIQp3B/eXV8ljQIYZ8c=
